
Microsoft Visual Studio Solution File, Format Version 12.00
# Visual Studio 15
VisualStudioVersion = 15.0.26124.0
MinimumVisualStudioVersion = 15.0.26124.0
Project("{2150E333-8FDC-42A3-9474-1A3956D46DE8}") = "src", "src", "{BDBB5C32-60A7-4BBA-AD49-5CD634705C82}"
EndProject
Project("{FAE04EC0-301F-11D3-BF4B-00C04F79EFBC}") = "SimpleAPI", "src\SimpleAPI\SimpleAPI.csproj", "{AABAA6FF-0076-42EC-9613-DBC54943349D}"
EndProject
Project("{2150E333-8FDC-42A3-9474-1A3956D46DE8}") = "test", "test", "{3FC4A4CD-364F-4FA3-BD46-B0356335E7D3}"
EndProject
Project("{FAE04EC0-301F-11D3-BF4B-00C04F79EFBC}") = "SimpleAPI.Test", "test\SimpleAPI.Test\SimpleAPI.Test.csproj", "{9E964071-D32E-4726-B083-2A738D0F505C}"
EndProject
Global
	GlobalSection(SolutionConfigurationPlatforms) = preSolution
		Debug|Any CPU = Debug|Any CPU
		Debug|x64 = Debug|x64
		Debug|x86 = Debug|x86
		Release|Any CPU = Release|Any CPU
		Release|x64 = Release|x64
		Release|x86 = Release|x86
	EndGlobalSection
	GlobalSection(SolutionProperties) = preSolution
		HideSolutionNode = FALSE
	EndGlobalSection
	GlobalSection(ProjectConfigurationPlatforms) = postSolution
		{AABAA6FF-0076-42EC-9613-DBC54943349D}.Debug|Any CPU.ActiveCfg = Debug|Any CPU
		{AABAA6FF-0076-42EC-9613-DBC54943349D}.Debug|Any CPU.Build.0 = Debug|Any CPU
		{AABAA6FF-0076-42EC-9613-DBC54943349D}.Debug|x64.ActiveCfg = Debug|Any CPU
		{AABAA6FF-0076-42EC-9613-DBC54943349D}.Debug|x64.Build.0 = Debug|Any CPU
		{AABAA6FF-0076-42EC-9613-DBC54943349D}.Debug|x86.ActiveCfg = Debug|Any CPU
		{AABAA6FF-0076-42EC-9613-DBC54943349D}.Debug|x86.Build.0 = Debug|Any CPU
		{AABAA6FF-0076-42EC-9613-DBC54943349D}.Release|Any CPU.ActiveCfg = Release|Any CPU
		{AABAA6FF-0076-42EC-9613-DBC54943349D}.Release|Any CPU.Build.0 = Release|Any CPU
		{AABAA6FF-0076-42EC-9613-DBC54943349D}.Release|x64.ActiveCfg = Release|Any CPU
		{AABAA6FF-0076-42EC-9613-DBC54943349D}.Release|x64.Build.0 = Release|Any CPU
		{AABAA6FF-0076-42EC-9613-DBC54943349D}.Release|x86.ActiveCfg = Release|Any CPU
		{AABAA6FF-0076-42EC-9613-DBC54943349D}.Release|x86.Build.0 = Release|Any CPU
		{9E964071-D32E-4726-B083-2A738D0F505C}.Debug|Any CPU.ActiveCfg = Debug|Any CPU
		{9E964071-D32E-4726-B083-2A738D0F505C}.Debug|Any CPU.Build.0 = Debug|Any CPU
		{9E964071-D32E-4726-B083-2A738D0F505C}.Debug|x64.ActiveCfg = Debug|Any CPU
		{9E964071-D32E-4726-B083-2A738D0F505C}.Debug|x64.Build.0 = Debug|Any CPU
		{9E964071-D32E-4726-B083-2A738D0F505C}.Debug|x86.ActiveCfg = Debug|Any CPU
		{9E964071-D32E-4726-B083-2A738D0F505C}.Debug|x86.Build.0 = Debug|Any CPU
		{9E964071-D32E-4726-B083-2A738D0F505C}.Release|Any CPU.ActiveCfg = Release|Any CPU
		{9E964071-D32E-4726-B083-2A738D0F505C}.Release|Any CPU.Build.0 = Release|Any CPU
		{9E964071-D32E-4726-B083-2A738D0F505C}.Release|x64.ActiveCfg = Release|Any CPU
		{9E964071-D32E-4726-B083-2A738D0F505C}.Release|x64.Build.0 = Release|Any CPU
		{9E964071-D32E-4726-B083-2A738D0F505C}.Release|x86.ActiveCfg = Release|Any CPU
		{9E964071-D32E-4726-B083-2A738D0F505C}.Release|x86.Build.0 = Release|Any CPU
	EndGlobalSection
	GlobalSection(NestedProjects) = preSolution
		{AABAA6FF-0076-42EC-9613-DBC54943349D} = {BDBB5C32-60A7-4BBA-AD49-5CD634705C82}
		{9E964071-D32E-4726-B083-2A738D0F505C} = {3FC4A4CD-364F-4FA3-BD46-B0356335E7D3}
	EndGlobalSection
EndGlobal
